
Microsoft Visual Studio Solution File, Format Version 12.00
# Visual Studio Version 16
VisualStudioVersion = 16.0.29123.89
MinimumVisualStudioVersion = 10.0.40219.1
Project("{9A19103F-16F7-4668-BE54-9A1E7A4F7556}") = "Blazor", "Blazor.csproj", "{48F13C38-AB34-4F74-A5C4-2EC0857C717D}"
EndProject
Project("{9A19103F-16F7-4668-BE54-9A1E7A4F7556}") = "SmartMailBoxLib", "..\SmartMailBoxLib\SmartMailBoxLib.csproj", "{52BEE3F2-26A7-4DD5-A037-268BB4C57523}"
EndProject
Global
	GlobalSection(SolutionConfigurationPlatforms) = preSolution
		Debug|Any CPU = Debug|Any CPU
		Release|Any CPU = Release|Any CPU
	EndGlobalSection
	GlobalSection(ProjectConfigurationPlatforms) = postSolution
		{48F13C38-AB34-4F74-A5C4-2EC0857C717D}.Debug|Any CPU.ActiveCfg = Debug|Any CPU
		{48F13C38-AB34-4F74-A5C4-2EC0857C717D}.Debug|Any CPU.Build.0 = Debug|Any CPU
		{48F13C38-AB34-4F74-A5C4-2EC0857C717D}.Release|Any CPU.ActiveCfg = Release|Any CPU
		{48F13C38-AB34-4F74-A5C4-2EC0857C717D}.Release|Any CPU.Build.0 = Release|Any CPU
		{52BEE3F2-26A7-4DD5-A037-268BB4C57523}.Debug|Any CPU.ActiveCfg = Debug|Any CPU
		{52BEE3F2-26A7-4DD5-A037-268BB4C57523}.Debug|Any CPU.Build.0 = Debug|Any CPU
		{52BEE3F2-26A7-4DD5-A037-268BB4C57523}.Release|Any CPU.ActiveCfg = Release|Any CPU
		{52BEE3F2-26A7-4DD5-A037-268BB4C57523}.Release|Any CPU.Build.0 = Release|Any CPU
	EndGlobalSection
	GlobalSection(SolutionProperties) = preSolution
		HideSolutionNode = FALSE
	EndGlobalSection
	GlobalSection(ExtensibilityGlobals) = postSolution
		SolutionGuid = {60D6BCF5-3E8B-466A-9F9F-5FAD234640EF}
	EndGlobalSection
EndGlobal
